// !$*UTF8*$!
{
	archiveVersion = 1;
	classes = {
	};
	objectVersion = 46;
	objects = {

/* Begin PBXBuildFile section */
		66B1DD2F19A54D8B00CE8B9A /* AppDelegate.swift in Sources */ = {isa = PBXBuildFile; fileRef = 66B1DD2E19A54D8B00CE8B9A /* AppDelegate.swift */; };
		66B1DD3119A54D8B00CE8B9A /* ViewController.swift in Sources */ = {isa = PBXBuildFile; fileRef = 66B1DD3019A54D8B00CE8B9A /* ViewController.swift */; };
		66B1DD3419A54D8B00CE8B9A /* Main.storyboard in Resources */ = {isa = PBXBuildFile; fileRef = 66B1DD3219A54D8B00CE8B9A /* Main.storyboard */; };
		66B1DD3619A54D8B00CE8B9A /* Images.xcassets in Resources */ = {isa = PBXBuildFile; fileRef = 66B1DD3519A54D8B00CE8B9A /* Images.xcassets */; };
		66B1DD4219A54D8B00CE8B9A /* tipsTests.swift in Sources */ = {isa = PBXBuildFile; fileRef = 66B1DD4119A54D8B00CE8B9A /* tipsTests.swift */; };
/* End PBXBuildFile section */

/* Begin PBXContainerItemProxy section */
		66B1DD3C19A54D8B00CE8B9A /* PBXContainerItemProxy */ = {
			isa = PBXContainerItemProxy;
			containerPortal = 66B1DD2119A54D8B00CE8B9A /* Project object */;
			proxyType = 1;
			remoteGlobalIDString = 66B1DD2819A54D8B00CE8B9A;
			remoteInfo = tips;
		};
/* End PBXContainerItemProxy section */

/* Begin PBXFileReference section */
		66B1DD2919A54D8B00CE8B9A /* tips.app */ = {isa = PBXFileReference; explicitFileType = wrapper.application; includeInIndex = 0; path = tips.app; sourceTree = BUILT_PRODUCTS_DIR; };
		66B1DD2D19A54D8B00CE8B9A /* Info.plist */ = {isa = PBXFileReference; lastKnownFileType = text.plist.xml; path = Info.plist; sourceTree = "<group>"; };
		66B1DD2E19A54D8B00CE8B9A /* AppDelegate.swift */ = {isa = PBXFileReference; lastKnownFileType = sourcecode.swift; path = AppDelegate.swift; sourceTree = "<group>"; };
		66B1DD3019A54D8B00CE8B9A /* ViewController.swift */ = {isa = PBXFileReference; lastKnownFileType = sourcecode.swift; path = ViewController.swift; sourceTree = "<group>"; };
		66B1DD3319A54D8B00CE8B9A /* Base */ = {isa = PBXFileReference; lastKnownFileType = file.storyboard; name = Base; path = Base.lproj/Main.storyboard; sourceTree = "<group>"; };
		66B1DD3519A54D8B00CE8B9A /* Images.xcassets */ = {isa = PBXFileReference; lastKnownFileType = folder.assetcatalog; path = Images.xcassets; sourceTree = "<group>"; };
		66B1DD3B19A54D8B00CE8B9A /* tipsTests.xctest */ = {isa = PBXFileReference; explicitFileType = wrapper.cfbundle; includeInIndex = 0; path = tipsTests.xctest; sourceTree = BUILT_PRODUCTS_DIR; };
		66B1DD4019A54D8B00CE8B9A /* Info.plist */ = {isa = PBXFileReference; lastKnownFileType = text.plist.xml; path = Info.plist; sourceTree = "<group>"; };
		66B1DD4119A54D8B00CE8B9A /* tipsTests.swift */ = {isa = PBXFileReference; lastKnownFileType = sourcecode.swift; path = tipsTests.swift; sourceTree = "<group>"; };
/* End PBXFileReference section */

/* Begin PBXFrameworksBuildPhase section */
		66B1DD2619A54D8B00CE8B9A /* Frameworks */ = {
			isa = PBXFrameworksBuildPhase;
			buildActionMask = 2147483647;
			files = (
			);
			runOnlyForDeploymentPostprocessing = 0;
		};
		66B1DD3819A54D8B00CE8B9A /* Frameworks */ = {
			isa = PBXFrameworksBuildPhase;
			buildActionMask = 2147483647;
			files = (
			);
			runOnlyForDeploymentPostprocessing = 0;
		};
/* End PBXFrameworksBuildPhase section */

/* Begin PBXGroup section */
		66B1DD2019A54D8B00CE8B9A = {
			isa = PBXGroup;
			children = (
				66B1DD2B19A54D8B00CE8B9A /* tips */,
				66B1DD3E19A54D8B00CE8B9A /* tipsTests */,
				66B1DD2A19A54D8B00CE8B9A /* Products */,
			);
			sourceTree = "<group>";
		};
		66B1DD2A19A54D8B00CE8B9A /* Products */ = {
			isa = PBXGroup;
			children = (
				66B1DD2919A54D8B00CE8B9A /* tips.app */,
				66B1DD3B19A54D8B00CE8B9A /* tipsTests.xctest */,
			);
			name = Products;
			sourceTree = "<group>";
		};
		66B1DD2B19A54D8B00CE8B9A /* tips */ = {
			isa = PBXGroup;
			children = (
				66B1DD2E19A54D8B00CE8B9A /* AppDelegate.swift */,
				66B1DD3019A54D8B00CE8B9A /* ViewController.swift */,
				66B1DD3219A54D8B00CE8B9A /* Main.storyboard */,
				66B1DD3519A54D8B00CE8B9A /* Images.xcassets */,
				66B1DD2C19A54D8B00CE8B9A /* Supporting Files */,
			);
			path = tips;
			sourceTree = "<group>";
		};
		66B1DD2C19A54D8B00CE8B9A /* Supporting Files */ = {
			isa = PBXGroup;
			children = (
				66B1DD2D19A54D8B00CE8B9A /* Info.plist */,
			);
			name = "Supporting Files";
			sourceTree = "<group>";
		};
		66B1DD3E19A54D8B00CE8B9A /* tipsTests */ = {
			isa = PBXGroup;
			children = (
				66B1DD4119A54D8B00CE8B9A /* tipsTests.swift */,
				66B1DD3F19A54D8B00CE8B9A /* Supporting Files */,
			);
			path = tipsTests;
			sourceTree = "<group>";
		};
		66B1DD3F19A54D8B00CE8B9A /* Supporting Files */ = {
			isa = PBXGroup;
			children = (
				66B1DD4019A54D8B00CE8B9A /* Info.plist */,
			);
			name = "Supporting Files";
			sourceTree = "<group>";
		};
/* End PBXGroup section */

/* Begin PBXNativeTarget section */
		66B1DD2819A54D8B00CE8B9A /* tips */ = {
			isa = PBXNativeTarget;
			buildConfigurationList = 66B1DD4519A54D8B00CE8B9A /* Build configuration list for PBXNativeTarget "tips" */;
			buildPhases = (
				66B1DD2519A54D8B00CE8B9A /* Sources */,
				66B1DD2619A54D8B00CE8B9A /* Frameworks */,
				66B1DD2719A54D8B00CE8B9A /* Resources */,
			);
			buildRules = (
			);
			dependencies = (
			);
			name = tips;
			productName = tips;
			productReference = 66B1DD2919A54D8B00CE8B9A /* tips.app */;
			productType = "com.apple.product-type.application";
		};
		66B1DD3A19A54D8B00CE8B9A /* tipsTests */ = {
			isa = PBXNativeTarget;
			buildConfigurationList = 66B1DD4819A54D8B00CE8B9A /* Build configuration list for PBXNativeTarget "tipsTests" */;
			buildPhases = (
				66B1DD3719A54D8B00CE8B9A /* Sources */,
				66B1DD3819A54D8B00CE8B9A /* Frameworks */,
				66B1DD3919A54D8B00CE8B9A /* Resources */,
			);
			buildRules = (
			);
			dependencies = (
				66B1DD3D19A54D8B00CE8B9A /* PBXTargetDependency */,
			);
			name = tipsTests;
			productName = tipsTests;
			productReference = 66B1DD3B19A54D8B00CE8B9A /* tipsTests.xctest */;
			productType = "com.apple.product-type.bundle.unit-test";
		};
/* End PBXNativeTarget section */

/* Begin PBXProject section */
		66B1DD2119A54D8B00CE8B9A /* Project object */ = {
			isa = PBXProject;
			attributes = {
				LastUpgradeCheck = 0600;
				ORGANIZATIONNAME = vjkaruna;
				TargetAttributes = {
					66B1DD2819A54D8B00CE8B9A = {
						CreatedOnToolsVersion = 6.0;
					};
					66B1DD3A19A54D8B00CE8B9A = {
						CreatedOnToolsVersion = 6.0;
						TestTargetID = 66B1DD2819A54D8B00CE8B9A;
					};
				};
			};
			buildConfigurationList = 66B1DD2419A54D8B00CE8B9A /* Build configuration list for PBXProject "tips" */;
			compatibilityVersion = "Xcode 3.2";
			developmentRegion = English;
			hasScannedForEncodings = 0;
			knownRegions = (
				en,
				Base,
			);
			mainGroup = 66B1DD2019A54D8B00CE8B9A;
			productRefGroup = 66B1DD2A19A54D8B00CE8B9A /* Products */;
			projectDirPath = "";
			projectRoot = "";
			targets = (
				66B1DD2819A54D8B00CE8B9A /* tips */,
				66B1DD3A19A54D8B00CE8B9A /* tipsTests */,
			);
		};
/* End PBXProject section */

/* Begin PBXResourcesBuildPhase section */
		66B1DD2719A54D8B00CE8B9A /* Resources */ = {
			isa = PBXResourcesBuildPhase;
			buildActionMask = 2147483647;
			files = (
				66B1DD3419A54D8B00CE8B9A /* Main.storyboard in Resources */,
				66B1DD3619A54D8B00CE8B9A /* Images.xcassets in Resources */,
			);
			runOnlyForDeploymentPostprocessing = 0;
		};
		66B1DD3919A54D8B00CE8B9A /* Resources */ = {
			isa = PBXResourcesBuildPhase;
			buildActionMask = 2147483647;
			files = (
			);
			runOnlyForDeploymentPostprocessing = 0;
		};
/* End PBXResourcesBuildPhase section */

/* Begin PBXSourcesBuildPhase section */
		66B1DD2519A54D8B00CE8B9A /* Sources */ = {
			isa = PBXSourcesBuildPhase;
			buildActionMask = 2147483647;
			files = (
				66B1DD3119A54D8B00CE8B9A /* ViewController.swift in Sources */,
				66B1DD2F19A54D8B00CE8B9A /* AppDelegate.swift in Sources */,
			);
			runOnlyForDeploymentPostprocessing = 0;
		};
		66B1DD3719A54D8B00CE8B9A /* Sources */ = {
			isa = PBXSourcesBuildPhase;
			buildActionMask = 2147483647;
			files = (
				66B1DD4219A54D8B00CE8B9A /* tipsTests.swift in Sources */,
			);
			runOnlyForDeploymentPostprocessing = 0;
		};
/* End PBXSourcesBuildPhase section */

/* Begin PBXTargetDependency section */
		66B1DD3D19A54D8B00CE8B9A /* PBXTargetDependency */ = {
			isa = PBXTargetDependency;
			target = 66B1DD2819A54D8B00CE8B9A /* tips */;
			targetProxy = 66B1DD3C19A54D8B00CE8B9A /* PBXContainerItemProxy */;
		};
/* End PBXTargetDependency section */

/* Begin PBXVariantGroup section */
		66B1DD3219A54D8B00CE8B9A /* Main.storyboard */ = {
			isa = PBXVariantGroup;
			children = (
				66B1DD3319A54D8B00CE8B9A /* Base */,
			);
			name = Main.storyboard;
			sourceTree = "<group>";
		};
/* End PBXVariantGroup section */

/* Begin XCBuildConfiguration section */
		66B1DD4319A54D8B00CE8B9A /* Debug */ = {
			isa = XCBuildConfiguration;
			buildSettings = {
				ALWAYS_SEARCH_USER_PATHS = NO;
				CLANG_CXX_LANGUAGE_STANDARD = "gnu++0x";
				CLANG_CXX_LIBRARY = "libc++";
				CLANG_ENABLE_MODULES = YES;
				CLANG_ENABLE_OBJC_ARC = YES;
				CLANG_WARN_BOOL_CONVERSION = YES;
				CLANG_WARN_CONSTANT_CONVERSION = YES;
				CLANG_WARN_DIRECT_OBJC_ISA_USAGE = YES_ERROR;
				CLANG_WARN_EMPTY_BODY = YES;
				CLANG_WARN_ENUM_CONVERSION = YES;
				CLANG_WARN_INT_CONVERSION = YES;
				CLANG_WARN_OBJC_ROOT_CLASS = YES_ERROR;
				CLANG_WARN_UNREACHABLE_CODE = YES;
				CLANG_WARN__DUPLICATE_METHOD_MATCH = YES;
				"CODE_SIGN_IDENTITY[sdk=iphoneos*]" = "iPhone Developer";
				COPY_PHASE_STRIP = NO;
				ENABLE_STRICT_OBJC_MSGSEND = YES;
				GCC_C_LANGUAGE_STANDARD = gnu99;
				GCC_DYNAMIC_NO_PIC = NO;
				GCC_OPTIMIZATION_LEVEL = 0;
				GCC_PREPROCESSOR_DEFINITIONS = (
					"DEBUG=1",
					"$(inherited)",
				);
				GCC_SYMBOLS_PRIVATE_EXTERN = NO;
				GCC_WARN_64_TO_32_BIT_CONVERSION = YES;
				GCC_WARN_ABOUT_RETURN_TYPE = YES_ERROR;
				GCC_WARN_UNDECLARED_SELECTOR = YES;
				GCC_WARN_UNINITIALIZED_AUTOS = YES_AGGRESSIVE;
				GCC_WARN_UNUSED_FUNCTION = YES;
				GCC_WARN_UNUSED_VARIABLE = YES;
				IPHONEOS_DEPLOYMENT_TARGET = 8.0;
				MTL_ENABLE_DEBUG_INFO = YES;
				ONLY_ACTIVE_ARCH = YES;
				SDKROOT = iphoneos;
				SWIFT_OPTIMIZATION_LEVEL = "-Onone";
				TARGETED_DEVICE_FAMILY = "1,2";
			};
			name = Debug;
		};
		66B1DD4419A54D8B00CE8B9A /* Release */ = {
			isa = XCBuildConfiguration;
			buildSettings = {
				ALWAYS_SEARCH_USER_PATHS = NO;
				CLANG_CXX_LANGUAGE_STANDARD = "gnu++0x";
				CLANG_CXX_LIBRARY = "libc++";
				CLANG_ENABLE_MODULES = YES;
				CLANG_ENABLE_OBJC_ARC = YES;
				CLANG_WARN_BOOL_CONVERSION = YES;
				CLANG_WARN_CONSTANT_CONVERSION = YES;
				CLANG_WARN_DIRECT_OBJC_ISA_USAGE = YES_ERROR;
				CLANG_WARN_EMPTY_BODY = YES;
				CLANG_WARN_ENUM_CONVERSION = YES;
				CLANG_WARN_INT_CONVERSION = YES;
				CLANG_WARN_OBJC_ROOT_CLASS = YES_ERROR;
				CLANG_WARN_UNREACHABLE_CODE = YES;
				CLANG_WARN__DUPLICATE_METHOD_MATCH = YES;
				"CODE_SIGN_IDENTITY[sdk=iphoneos*]" = "iPhone Developer";
				COPY_PHASE_STRIP = YES;
				ENABLE_NS_ASSERTIONS = NO;
				ENABLE_STRICT_OBJC_MSGSEND = YES;
				GCC_C_LANGUAGE_STANDARD = gnu99;
				GCC_WARN_64_TO_32_BIT_CONVERSION = YES;
				GCC_WARN_ABOUT_RETURN_TYPE = YES_ERROR;
				GCC_WARN_UNDECLARED_SELECTOR = YES;
				GCC_WARN_UNINITIALIZED_AUTOS = YES_AGGRESSIVE;
				GCC_WARN_UNUSED_FUNCTION = YES;
				GCC_WARN_UNUSED_VARIABLE = YES;
				IPHONEOS_DEPLOYMENT_TARGET = 8.0;
				MTL_ENABLE_DEBUG_INFO = NO;
				SDKROOT = iphoneos;
				TARGETED_DEVICE_FAMILY = "1,2";
				VALIDATE_PRODUCT = YES;
			};
			name = Release;
		};
		66B1DD4619A54D8B00CE8B9A /* Debug */ = {
			isa = XCBuildConfiguration;
			buildSettings = {
				ASSETCATALOG_COMPILER_APPICON_NAME = AppIcon;
				ASSETCATALOG_COMPILER_LAUNCHIMAGE_NAME = LaunchImage;
				INFOPLIST_FILE = tips/Info.plist;
				LD_RUNPATH_SEARCH_PATHS = "$(inherited) @executable_path/Frameworks";
				PRODUCT_NAME = "$(TARGET_NAME)";
			};
			name = Debug;
		};
		66B1DD4719A54D8B00CE8B9A /* Release */ = {
			isa = XCBuildConfiguration;
			buildSettings = {
				ASSETCATALOG_COMPILER_APPICON_NAME = AppIcon;
				ASSETCATALOG_COMPILER_LAUNCHIMAGE_NAME = LaunchImage;
				INFOPLIST_FILE = tips/Info.plist;
				LD_RUNPATH_SEARCH_PATHS = "$(inherited) @executable_path/Frameworks";
				PRODUCT_NAME = "$(TARGET_NAME)";
			};
			name = Release;
		};
		66B1DD4919A54D8B00CE8B9A /* Debug */ = {
			isa = XCBuildConfiguration;
			buildSettings = {
				BUNDLE_LOADER = "$(TEST_HOST)";
				FRAMEWORK_SEARCH_PATHS = (
					"$(SDKROOT)/Developer/Library/Frameworks",
					"$(inherited)",
				);
				GCC_PREPROCESSOR_DEFINITIONS = (
					"DEBUG=1",
					"$(inherited)",
				);
				INFOPLIST_FILE = tipsTests/Info.plist;
				LD_RUNPATH_SEARCH_PATHS = "$(inherited) @executable_path/Frameworks @loader_path/Frameworks";
				PRODUCT_NAME = "$(TARGET_NAME)";
				TEST_HOST = "$(BUILT_PRODUCTS_DIR)/tips.app/tips";
			};
			name = Debug;
		};
		66B1DD4A19A54D8B00CE8B9A /* Release */ = {
			isa = XCBuildConfiguration;
			buildSettings = {
				BUNDLE_LOADER = "$(TEST_HOST)";
				FRAMEWORK_SEARCH_PATHS = (
					"$(SDKROOT)/Developer/Library/Frameworks",
					"$(inherited)",
				);
				INFOPLIST_FILE = tipsTests/Info.plist;
				LD_RUNPATH_SEARCH_PATHS = "$(inherited) @executable_path/Frameworks @loader_path/Frameworks";
				PRODUCT_NAME = "$(TARGET_NAME)";
				TEST_HOST = "$(BUILT_PRODUCTS_DIR)/tips.app/tips";
			};
			name = Release;
		};
/* End XCBuildConfiguration section */

/* Begin XCConfigurationList section */
		66B1DD2419A54D8B00CE8B9A /* Build configuration list for PBXProject "tips" */ = {
			isa = XCConfigurationList;
			buildConfigurations = (
				66B1DD4319A54D8B00CE8B9A /* Debug */,
				66B1DD4419A54D8B00CE8B9A /* Release */,
			);
			defaultConfigurationIsVisible = 0;
			defaultConfigurationName = Release;
		};
		66B1DD4519A54D8B00CE8B9A /* Build configuration list for PBXNativeTarget "tips" */ = {
			isa = XCConfigurationList;
			buildConfigurations = (
				66B1DD4619A54D8B00CE8B9A /* Debug */,
				66B1DD4719A54D8B00CE8B9A /* Release */,
			);
			defaultConfigurationIsVisible = 0;
		};
		66B1DD4819A54D8B00CE8B9A /* Build configuration list for PBXNativeTarget "tipsTests" */ = {
			isa = XCConfigurationList;
			buildConfigurations = (
				66B1DD4919A54D8B00CE8B9A /* Debug */,
				66B1DD4A19A54D8B00CE8B9A /* Release */,
			);
			defaultConfigurationIsVisible = 0;
		};
/* End XCConfigurationList section */
	};
	rootObject = 66B1DD2119A54D8B00CE8B9A /* Project object */;
}
